{
  "name": "wp-rest-api-log",
  "version": "1.6.6",
  "lockfileVersion": 1,
  "requires": true,
  "dependencies": {
    "minimist": {
      "version": "1.2.6",
      "resolved": "https://registry.npmjs.org/minimist/-/minimist-1.2.6.tgz",
      "integrity": "sha512-Jsjnk4bw3YJqYzbdyBiNsPWHPfO++UGG749Cxs6peCu5Xg4nrena6OVxOYxrQTqww0Jmwt+Ref8rggumkTLz9Q==",
      "dev": true
    },
    "wp-readme-to-markdown": {
      "version": "1.0.1",
      "resolved": "https://registry.npmjs.org/wp-readme-to-markdown/-/wp-readme-to-markdown-1.0.1.tgz",
      "integrity": "sha512-5ZmQzhNZIBcTLYhIovyhBXucDD+JUhL7YAqfmLzPudCLFRodSLbsWtoiYREG/Z55TN1Zn+Rko5eKH965m1L8SA==",
      "dev": true,
      "requires": {
        "minimist": "^1.2.0"
      }
    }
  }
}
